// !$*UTF8*$!
{
	archiveVersion = 1;
	classes = {
	};
	objectVersion = 77;
	objects = {

/* Begin PBXContainerItemProxy section */
		64D2C9A92DE572F9007348FC /* PBXContainerItemProxy */ = {
			isa = PBXContainerItemProxy;
			containerPortal = 64D2C9912DE572F8007348FC /* Project object */;
			proxyType = 1;
			remoteGlobalIDString = 64D2C9982DE572F8007348FC;
			remoteInfo = BluetoothActivity;
		};
		64D2C9B32DE572F9007348FC /* PBXContainerItemProxy */ = {
			isa = PBXContainerItemProxy;
			containerPortal = 64D2C9912DE572F8007348FC /* Project object */;
			proxyType = 1;
			remoteGlobalIDString = 64D2C9982DE572F8007348FC;
			remoteInfo = BluetoothActivity;
		};
/* End PBXContainerItemProxy section */

/* Begin PBXFileReference section */
		64D2C9992DE572F8007348FC /* BluetoothActivity.app */ = {isa = PBXFileReference; explicitFileType = wrapper.application; includeInIndex = 0; path = BluetoothActivity.app; sourceTree = BUILT_PRODUCTS_DIR; };
		64D2C9A82DE572F9007348FC /* BluetoothActivityTests.xctest */ = {isa = PBXFileReference; explicitFileType = wrapper.cfbundle; includeInIndex = 0; path = BluetoothActivityTests.xctest; sourceTree = BUILT_PRODUCTS_DIR; };
		64D2C9B22DE572F9007348FC /* BluetoothActivityUITests.xctest */ = {isa = PBXFileReference; explicitFileType = wrapper.cfbundle; includeInIndex = 0; path = BluetoothActivityUITests.xctest; sourceTree = BUILT_PRODUCTS_DIR; };
/* End PBXFileReference section */

/* Begin PBXFileSystemSynchronizedRootGroup section */
		64D2C99B2DE572F8007348FC /* BluetoothActivity */ = {
			isa = PBXFileSystemSynchronizedRootGroup;
			path = BluetoothActivity;
			sourceTree = "<group>";
		};
		64D2C9AB2DE572F9007348FC /* BluetoothActivityTests */ = {
			isa = PBXFileSystemSynchronizedRootGroup;
			path = BluetoothActivityTests;
			sourceTree = "<group>";
		};
		64D2C9B52DE572F9007348FC /* BluetoothActivityUITests */ = {
			isa = PBXFileSystemSynchronizedRootGroup;
			path = BluetoothActivityUITests;
			sourceTree = "<group>";
		};
/* End PBXFileSystemSynchronizedRootGroup section */

/* Begin PBXFrameworksBuildPhase section */
		64D2C9962DE572F8007348FC /* Frameworks */ = {
			isa = PBXFrameworksBuildPhase;
			buildActionMask = 2147483647;
			files = (
			);
			runOnlyForDeploymentPostprocessing = 0;
		};
		64D2C9A52DE572F9007348FC /* Frameworks */ = {
			isa = PBXFrameworksBuildPhase;
			buildActionMask = 2147483647;
			files = (
			);
			runOnlyForDeploymentPostprocessing = 0;
		};
		64D2C9AF2DE572F9007348FC /* Frameworks */ = {
			isa = PBXFrameworksBuildPhase;
			buildActionMask = 2147483647;
			files = (
			);
			runOnlyForDeploymentPostprocessing = 0;
		};
/* End PBXFrameworksBuildPhase section */

/* Begin PBXGroup section */
		64D2C9902DE572F8007348FC = {
			isa = PBXGroup;
			children = (
				64D2C99B2DE572F8007348FC /* BluetoothActivity */,
				64D2C9AB2DE572F9007348FC /* BluetoothActivityTests */,
				64D2C9B52DE572F9007348FC /* BluetoothActivityUITests */,
				64D2C99A2DE572F8007348FC /* Products */,
			);
			sourceTree = "<group>";
		};
		64D2C99A2DE572F8007348FC /* Products */ = {
			isa = PBXGroup;
			children = (
				64D2C9992DE572F8007348FC /* BluetoothActivity.app */,
				64D2C9A82DE572F9007348FC /* BluetoothActivityTests.xctest */,
				64D2C9B22DE572F9007348FC /* BluetoothActivityUITests.xctest */,
			);
			name = Products;
			sourceTree = "<group>";
		};
/* End PBXGroup section */

/* Begin PBXNativeTarget section */
		64D2C9982DE572F8007348FC /* BluetoothActivity */ = {
			isa = PBXNativeTarget;
			buildConfigurationList = 64D2C9BC2DE572F9007348FC /* Build configuration list for PBXNativeTarget "BluetoothActivity" */;
			buildPhases = (
				64D2C9952DE572F8007348FC /* Sources */,
				64D2C9962DE572F8007348FC /* Frameworks */,
				64D2C9972DE572F8007348FC /* Resources */,
			);
			buildRules = (
			);
			dependencies = (
			);
			fileSystemSynchronizedGroups = (
				64D2C99B2DE572F8007348FC /* BluetoothActivity */,
			);
			name = BluetoothActivity;
			packageProductDependencies = (
			);
			productName = BluetoothActivity;
			productReference = 64D2C9992DE572F8007348FC /* BluetoothActivity.app */;
			productType = "com.apple.product-type.application";
		};
		64D2C9A72DE572F9007348FC /* BluetoothActivityTests */ = {
			isa = PBXNativeTarget;
			buildConfigurationList = 64D2C9BF2DE572F9007348FC /* Build configuration list for PBXNativeTarget "BluetoothActivityTests" */;
			buildPhases = (
				64D2C9A42DE572F9007348FC /* Sources */,
				64D2C9A52DE572F9007348FC /* Frameworks */,
				64D2C9A62DE572F9007348FC /* Resources */,
			);
			buildRules = (
			);
			dependencies = (
				64D2C9AA2DE572F9007348FC /* PBXTargetDependency */,
			);
			fileSystemSynchronizedGroups = (
				64D2C9AB2DE572F9007348FC /* BluetoothActivityTests */,
			);
			name = BluetoothActivityTests;
			packageProductDependencies = (
			);
			productName = BluetoothActivityTests;
			productReference = 64D2C9A82DE572F9007348FC /* BluetoothActivityTests.xctest */;
			productType = "com.apple.product-type.bundle.unit-test";
		};
		64D2C9B12DE572F9007348FC /* BluetoothActivityUITests */ = {
			isa = PBXNativeTarget;
			buildConfigurationList = 64D2C9C22DE572F9007348FC /* Build configuration list for PBXNativeTarget "BluetoothActivityUITests" */;
			buildPhases = (
				64D2C9AE2DE572F9007348FC /* Sources */,
				64D2C9AF2DE572F9007348FC /* Frameworks */,
				64D2C9B02DE572F9007348FC /* Resources */,
			);
			buildRules = (
			);
			dependencies = (
				64D2C9B42DE572F9007348FC /* PBXTargetDependency */,
			);
			fileSystemSynchronizedGroups = (
				64D2C9B52DE572F9007348FC /* BluetoothActivityUITests */,
			);
			name = BluetoothActivityUITests;
			packageProductDependencies = (
			);
			productName = BluetoothActivityUITests;
			productReference = 64D2C9B22DE572F9007348FC /* BluetoothActivityUITests.xctest */;
			productType = "com.apple.product-type.bundle.ui-testing";
		};
/* End PBXNativeTarget section */

/* Begin PBXProject section */
		64D2C9912DE572F8007348FC /* Project object */ = {
			isa = PBXProject;
			attributes = {
				BuildIndependentTargetsInParallel = 1;
				LastSwiftUpdateCheck = 1630;
				LastUpgradeCheck = 1630;
				TargetAttributes = {
					64D2C9982DE572F8007348FC = {
						CreatedOnToolsVersion = 16.3;
					};
					64D2C9A72DE572F9007348FC = {
						CreatedOnToolsVersion = 16.3;
						TestTargetID = 64D2C9982DE572F8007348FC;
					};
					64D2C9B12DE572F9007348FC = {
						CreatedOnToolsVersion = 16.3;
						TestTargetID = 64D2C9982DE572F8007348FC;
					};
				};
			};
			buildConfigurationList = 64D2C9942DE572F8007348FC /* Build configuration list for PBXProject "BluetoothActivity" */;
			developmentRegion = en;
			hasScannedForEncodings = 0;
			knownRegions = (
				en,
				Base,
			);
			mainGroup = 64D2C9902DE572F8007348FC;
			minimizedProjectReferenceProxies = 1;
			preferredProjectObjectVersion = 77;
			productRefGroup = 64D2C99A2DE572F8007348FC /* Products */;
			projectDirPath = "";
			projectRoot = "";
			targets = (
				64D2C9982DE572F8007348FC /* BluetoothActivity */,
				64D2C9A72DE572F9007348FC /* BluetoothActivityTests */,
				64D2C9B12DE572F9007348FC /* BluetoothActivityUITests */,
			);
		};
/* End PBXProject section */

/* Begin PBXResourcesBuildPhase section */
		64D2C9972DE572F8007348FC /* Resources */ = {
			isa = PBXResourcesBuildPhase;
			buildActionMask = 2147483647;
			files = (
			);
			runOnlyForDeploymentPostprocessing = 0;
		};
		64D2C9A62DE572F9007348FC /* Resources */ = {
			isa = PBXResourcesBuildPhase;
			buildActionMask = 2147483647;
			files = (
			);
			runOnlyForDeploymentPostprocessing = 0;
		};
		64D2C9B02DE572F9007348FC /* Resources */ = {
			isa = PBXResourcesBuildPhase;
			buildActionMask = 2147483647;
			files = (
			);
			runOnlyForDeploymentPostprocessing = 0;
		};
/* End PBXResourcesBuildPhase section */

/* Begin PBXSourcesBuildPhase section */
		64D2C9952DE572F8007348FC /* Sources */ = {
			isa = PBXSourcesBuildPhase;
			buildActionMask = 2147483647;
			files = (
			);
			runOnlyForDeploymentPostprocessing = 0;
		};
		64D2C9A42DE572F9007348FC /* Sources */ = {
			isa = PBXSourcesBuildPhase;
			buildActionMask = 2147483647;
			files = (
			);
			runOnlyForDeploymentPostprocessing = 0;
		};
		64D2C9AE2DE572F9007348FC /* Sources */ = {
			isa = PBXSourcesBuildPhase;
			buildActionMask = 2147483647;
			files = (
			);
			runOnlyForDeploymentPostprocessing = 0;
		};
/* End PBXSourcesBuildPhase section */

/* Begin PBXTargetDependency section */
		64D2C9AA2DE572F9007348FC /* PBXTargetDependency */ = {
			isa = PBXTargetDependency;
			target = 64D2C9982DE572F8007348FC /* BluetoothActivity */;
			targetProxy = 64D2C9A92DE572F9007348FC /* PBXContainerItemProxy */;
		};
		64D2C9B42DE572F9007348FC /* PBXTargetDependency */ = {
			isa = PBXTargetDependency;
			target = 64D2C9982DE572F8007348FC /* BluetoothActivity */;
			targetProxy = 64D2C9B32DE572F9007348FC /* PBXContainerItemProxy */;
		};
/* End PBXTargetDependency section */

/* Begin XCBuildConfiguration section */
		64D2C9BA2DE572F9007348FC /* Debug */ = {
			isa = XCBuildConfiguration;
			buildSettings = {
				ALWAYS_SEARCH_USER_PATHS = NO;
				ASSETCATALOG_COMPILER_GENERATE_SWIFT_ASSET_SYMBOL_EXTENSIONS = YES;
				CLANG_ANALYZER_NONNULL = YES;
				CLANG_ANALYZER_NUMBER_OBJECT_CONVERSION = YES_AGGRESSIVE;
				CLANG_CXX_LANGUAGE_STANDARD = "gnu++20";
				CLANG_ENABLE_MODULES = YES;
				CLANG_ENABLE_OBJC_ARC = YES;
				CLANG_ENABLE_OBJC_WEAK = YES;
				CLANG_WARN_BLOCK_CAPTURE_AUTORELEASING = YES;
				CLANG_WARN_BOOL_CONVERSION = YES;
				CLANG_WARN_COMMA = YES;
				CLANG_WARN_CONSTANT_CONVERSION = YES;
				CLANG_WARN_DEPRECATED_OBJC_IMPLEMENTATIONS = YES;
				CLANG_WARN_DIRECT_OBJC_ISA_USAGE = YES_ERROR;
				CLANG_WARN_DOCUMENTATION_COMMENTS = YES;
				CLANG_WARN_EMPTY_BODY = YES;
				CLANG_WARN_ENUM_CONVERSION = YES;
				CLANG_WARN_INFINITE_RECURSION = YES;
				CLANG_WARN_INT_CONVERSION = YES;
				CLANG_WARN_NON_LITERAL_NULL_CONVERSION = YES;
				CLANG_WARN_OBJC_IMPLICIT_RETAIN_SELF = YES;
				CLANG_WARN_OBJC_LITERAL_CONVERSION = YES;
				CLANG_WARN_OBJC_ROOT_CLASS = YES_ERROR;
				CLANG_WARN_QUOTED_INCLUDE_IN_FRAMEWORK_HEADER = YES;
				CLANG_WARN_RANGE_LOOP_ANALYSIS = YES;
				CLANG_WARN_STRICT_PROTOTYPES = YES;
				CLANG_WARN_SUSPICIOUS_MOVE = YES;
				CLANG_WARN_UNGUARDED_AVAILABILITY = YES_AGGRESSIVE;
				CLANG_WARN_UNREACHABLE_CODE = YES;
				CLANG_WARN__DUPLICATE_METHOD_MATCH = YES;
				COPY_PHASE_STRIP = NO;
				DEBUG_INFORMATION_FORMAT = dwarf;
				DEVELOPMENT_TEAM = 68WNVQ6X3D;
				ENABLE_STRICT_OBJC_MSGSEND = YES;
				ENABLE_TESTABILITY = YES;
				ENABLE_USER_SCRIPT_SANDBOXING = YES;
				GCC_C_LANGUAGE_STANDARD = gnu17;
				GCC_DYNAMIC_NO_PIC = NO;
				GCC_NO_COMMON_BLOCKS = YES;
				GCC_OPTIMIZATION_LEVEL = 0;
				GCC_PREPROCESSOR_DEFINITIONS = (
					"DEBUG=1",
					"$(inherited)",
				);
				GCC_WARN_64_TO_32_BIT_CONVERSION = YES;
				GCC_WARN_ABOUT_RETURN_TYPE = YES_ERROR;
				GCC_WARN_UNDECLARED_SELECTOR = YES;
				GCC_WARN_UNINITIALIZED_AUTOS = YES_AGGRESSIVE;
				GCC_WARN_UNUSED_FUNCTION = YES;
				GCC_WARN_UNUSED_VARIABLE = YES;
				IPHONEOS_DEPLOYMENT_TARGET = 18.4;
				LOCALIZATION_PREFERS_STRING_CATALOGS = YES;
				MTL_ENABLE_DEBUG_INFO = INCLUDE_SOURCE;
				MTL_FAST_MATH = YES;
				ONLY_ACTIVE_ARCH = YES;
				SDKROOT = iphoneos;
				SWIFT_ACTIVE_COMPILATION_CONDITIONS = "DEBUG $(inherited)";
				SWIFT_OPTIMIZATION_LEVEL = "-Onone";
			};
			name = Debug;
		};
		64D2C9BB2DE572F9007348FC /* Release */ = {
			isa = XCBuildConfiguration;
			buildSettings = {
				ALWAYS_SEARCH_USER_PATHS = NO;
				ASSETCATALOG_COMPILER_GENERATE_SWIFT_ASSET_SYMBOL_EXTENSIONS = YES;
				CLANG_ANALYZER_NONNULL = YES;
				CLANG_ANALYZER_NUMBER_OBJECT_CONVERSION = YES_AGGRESSIVE;
				CLANG_CXX_LANGUAGE_STANDARD = "gnu++20";
				CLANG_ENABLE_MODULES = YES;
				CLANG_ENABLE_OBJC_ARC = YES;
				CLANG_ENABLE_OBJC_WEAK = YES;
				CLANG_WARN_BLOCK_CAPTURE_AUTORELEASING = YES;
				CLANG_WARN_BOOL_CONVERSION = YES;
				CLANG_WARN_COMMA = YES;
				CLANG_WARN_CONSTANT_CONVERSION = YES;
				CLANG_WARN_DEPRECATED_OBJC_IMPLEMENTATIONS = YES;
				CLANG_WARN_DIRECT_OBJC_ISA_USAGE = YES_ERROR;
				CLANG_WARN_DOCUMENTATION_COMMENTS = YES;
				CLANG_WARN_EMPTY_BODY = YES;
				CLANG_WARN_ENUM_CONVERSION = YES;
				CLANG_WARN_INFINITE_RECURSION = YES;
				CLANG_WARN_INT_CONVERSION = YES;
				CLANG_WARN_NON_LITERAL_NULL_CONVERSION = YES;
				CLANG_WARN_OBJC_IMPLICIT_RETAIN_SELF = YES;
				CLANG_WARN_OBJC_LITERAL_CONVERSION = YES;
				CLANG_WARN_OBJC_ROOT_CLASS = YES_ERROR;
				CLANG_WARN_QUOTED_INCLUDE_IN_FRAMEWORK_HEADER = YES;
				CLANG_WARN_RANGE_LOOP_ANALYSIS = YES;
				CLANG_WARN_STRICT_PROTOTYPES = YES;
				CLANG_WARN_SUSPICIOUS_MOVE = YES;
				CLANG_WARN_UNGUARDED_AVAILABILITY = YES_AGGRESSIVE;
				CLANG_WARN_UNREACHABLE_CODE = YES;
				CLANG_WARN__DUPLICATE_METHOD_MATCH = YES;
				COPY_PHASE_STRIP = NO;
				DEBUG_INFORMATION_FORMAT = "dwarf-with-dsym";
				DEVELOPMENT_TEAM = 68WNVQ6X3D;
				ENABLE_NS_ASSERTIONS = NO;
				ENABLE_STRICT_OBJC_MSGSEND = YES;
				ENABLE_USER_SCRIPT_SANDBOXING = YES;
				GCC_C_LANGUAGE_STANDARD = gnu17;
				GCC_NO_COMMON_BLOCKS = YES;
				GCC_WARN_64_TO_32_BIT_CONVERSION = YES;
				GCC_WARN_ABOUT_RETURN_TYPE = YES_ERROR;
				GCC_WARN_UNDECLARED_SELECTOR = YES;
				GCC_WARN_UNINITIALIZED_AUTOS = YES_AGGRESSIVE;
				GCC_WARN_UNUSED_FUNCTION = YES;
				GCC_WARN_UNUSED_VARIABLE = YES;
				IPHONEOS_DEPLOYMENT_TARGET = 18.4;
				LOCALIZATION_PREFERS_STRING_CATALOGS = YES;
				MTL_ENABLE_DEBUG_INFO = NO;
				MTL_FAST_MATH = YES;
				SDKROOT = iphoneos;
				SWIFT_COMPILATION_MODE = wholemodule;
				VALIDATE_PRODUCT = YES;
			};
			name = Release;
		};
		64D2C9BD2DE572F9007348FC /* Debug */ = {
			isa = XCBuildConfiguration;
			buildSettings = {
				ASSETCATALOG_COMPILER_APPICON_NAME = AppIcon;
				ASSETCATALOG_COMPILER_GLOBAL_ACCENT_COLOR_NAME = AccentColor;
				CODE_SIGN_STYLE = Automatic;
				CURRENT_PROJECT_VERSION = 1;
				DEVELOPMENT_TEAM = 68WNVQ6X3D;
				ENABLE_PREVIEWS = YES;
				GENERATE_INFOPLIST_FILE = YES;
				INFOPLIST_KEY_UIApplicationSceneManifest_Generation = YES;
				INFOPLIST_KEY_UIApplicationSupportsIndirectInputEvents = YES;
				INFOPLIST_KEY_UILaunchScreen_Generation = YES;
				INFOPLIST_KEY_UISupportedInterfaceOrientations_iPad = "UIInterfaceOrientationPortrait UIInterfaceOrientationPortraitUpsideDown UIInterfaceOrientationLandscapeLeft UIInterfaceOrientationLandscapeRight";
				INFOPLIST_KEY_UISupportedInterfaceOrientations_iPhone = "UIInterfaceOrientationPortrait UIInterfaceOrientationLandscapeLeft UIInterfaceOrientationLandscapeRight";
				LD_RUNPATH_SEARCH_PATHS = (
					"$(inherited)",
					"@executable_path/Frameworks",
				);
				MARKETING_VERSION = 1.0;
				PRODUCT_BUNDLE_IDENTIFIER = matthew.tjoa.BluetoothActivity;
				PRODUCT_NAME = "$(TARGET_NAME)";
				SWIFT_EMIT_LOC_STRINGS = YES;
				SWIFT_VERSION = 5.0;
				TARGETED_DEVICE_FAMILY = "1,2";
			};
			name = Debug;
		};
		64D2C9BE2DE572F9007348FC /* Release */ = {
			isa = XCBuildConfiguration;
			buildSettings = {
				ASSETCATALOG_COMPILER_APPICON_NAME = AppIcon;
				ASSETCATALOG_COMPILER_GLOBAL_ACCENT_COLOR_NAME = AccentColor;
				CODE_SIGN_STYLE = Automatic;
				CURRENT_PROJECT_VERSION = 1;
				DEVELOPMENT_TEAM = 68WNVQ6X3D;
				ENABLE_PREVIEWS = YES;
				GENERATE_INFOPLIST_FILE = YES;
				INFOPLIST_KEY_UIApplicationSceneManifest_Generation = YES;
				INFOPLIST_KEY_UIApplicationSupportsIndirectInputEvents = YES;
				INFOPLIST_KEY_UILaunchScreen_Generation = YES;
				INFOPLIST_KEY_UISupportedInterfaceOrientations_iPad = "UIInterfaceOrientationPortrait UIInterfaceOrientationPortraitUpsideDown UIInterfaceOrientationLandscapeLeft UIInterfaceOrientationLandscapeRight";
				INFOPLIST_KEY_UISupportedInterfaceOrientations_iPhone = "UIInterfaceOrientationPortrait UIInterfaceOrientationLandscapeLeft UIInterfaceOrientationLandscapeRight";
				LD_RUNPATH_SEARCH_PATHS = (
					"$(inherited)",
					"@executable_path/Frameworks",
				);
				MARKETING_VERSION = 1.0;
				PRODUCT_BUNDLE_IDENTIFIER = matthew.tjoa.BluetoothActivity;
				PRODUCT_NAME = "$(TARGET_NAME)";
				SWIFT_EMIT_LOC_STRINGS = YES;
				SWIFT_VERSION = 5.0;
				TARGETED_DEVICE_FAMILY = "1,2";
			};
			name = Release;
		};
		64D2C9C02DE572F9007348FC /* Debug */ = {
			isa = XCBuildConfiguration;
			buildSettings = {
				BUNDLE_LOADER = "$(TEST_HOST)";
				CODE_SIGN_STYLE = Automatic;
				CURRENT_PROJECT_VERSION = 1;
				DEVELOPMENT_TEAM = 68WNVQ6X3D;
				GENERATE_INFOPLIST_FILE = YES;
				IPHONEOS_DEPLOYMENT_TARGET = 18.4;
				MARKETING_VERSION = 1.0;
				PRODUCT_BUNDLE_IDENTIFIER = matthew.tjoa.BluetoothActivityTests;
				PRODUCT_NAME = "$(TARGET_NAME)";
				SWIFT_EMIT_LOC_STRINGS = NO;
				SWIFT_VERSION = 5.0;
				TARGETED_DEVICE_FAMILY = "1,2";
				TEST_HOST = "$(BUILT_PRODUCTS_DIR)/BluetoothActivity.app/$(BUNDLE_EXECUTABLE_FOLDER_PATH)/BluetoothActivity";
			};
			name = Debug;
		};
		64D2C9C12DE572F9007348FC /* Release */ = {
			isa = XCBuildConfiguration;
			buildSettings = {
				BUNDLE_LOADER = "$(TEST_HOST)";
				CODE_SIGN_STYLE = Automatic;
				CURRENT_PROJECT_VERSION = 1;
				DEVELOPMENT_TEAM = 68WNVQ6X3D;
				GENERATE_INFOPLIST_FILE = YES;
				IPHONEOS_DEPLOYMENT_TARGET = 18.4;
				MARKETING_VERSION = 1.0;
				PRODUCT_BUNDLE_IDENTIFIER = matthew.tjoa.BluetoothActivityTests;
				PRODUCT_NAME = "$(TARGET_NAME)";
				SWIFT_EMIT_LOC_STRINGS = NO;
				SWIFT_VERSION = 5.0;
				TARGETED_DEVICE_FAMILY = "1,2";
				TEST_HOST = "$(BUILT_PRODUCTS_DIR)/BluetoothActivity.app/$(BUNDLE_EXECUTABLE_FOLDER_PATH)/BluetoothActivity";
			};
			name = Release;
		};
		64D2C9C32DE572F9007348FC /* Debug */ = {
			isa = XCBuildConfiguration;
			buildSettings = {
				CODE_SIGN_STYLE = Automatic;
				CURRENT_PROJECT_VERSION = 1;
				DEVELOPMENT_TEAM = 68WNVQ6X3D;
				GENERATE_INFOPLIST_FILE = YES;
				MARKETING_VERSION = 1.0;
				PRODUCT_BUNDLE_IDENTIFIER = matthew.tjoa.BluetoothActivityUITests;
				PRODUCT_NAME = "$(TARGET_NAME)";
				SWIFT_EMIT_LOC_STRINGS = NO;
				SWIFT_VERSION = 5.0;
				TARGETED_DEVICE_FAMILY = "1,2";
				TEST_TARGET_NAME = BluetoothActivity;
			};
			name = Debug;
		};
		64D2C9C42DE572F9007348FC /* Release */ = {
			isa = XCBuildConfiguration;
			buildSettings = {
				CODE_SIGN_STYLE = Automatic;
				CURRENT_PROJECT_VERSION = 1;
				DEVELOPMENT_TEAM = 68WNVQ6X3D;
				GENERATE_INFOPLIST_FILE = YES;
				MARKETING_VERSION = 1.0;
				PRODUCT_BUNDLE_IDENTIFIER = matthew.tjoa.BluetoothActivityUITests;
				PRODUCT_NAME = "$(TARGET_NAME)";
				SWIFT_EMIT_LOC_STRINGS = NO;
				SWIFT_VERSION = 5.0;
				TARGETED_DEVICE_FAMILY = "1,2";
				TEST_TARGET_NAME = BluetoothActivity;
			};
			name = Release;
		};
/* End XCBuildConfiguration section */

/* Begin XCConfigurationList section */
		64D2C9942DE572F8007348FC /* Build configuration list for PBXProject "BluetoothActivity" */ = {
			isa = XCConfigurationList;
			buildConfigurations = (
				64D2C9BA2DE572F9007348FC /* Debug */,
				64D2C9BB2DE572F9007348FC /* Release */,
			);
			defaultConfigurationIsVisible = 0;
			defaultConfigurationName = Release;
		};
		64D2C9BC2DE572F9007348FC /* Build configuration list for PBXNativeTarget "BluetoothActivity" */ = {
			isa = XCConfigurationList;
			buildConfigurations = (
				64D2C9BD2DE572F9007348FC /* Debug */,
				64D2C9BE2DE572F9007348FC /* Release */,
			);
			defaultConfigurationIsVisible = 0;
			defaultConfigurationName = Release;
		};
		64D2C9BF2DE572F9007348FC /* Build configuration list for PBXNativeTarget "BluetoothActivityTests" */ = {
			isa = XCConfigurationList;
			buildConfigurations = (
				64D2C9C02DE572F9007348FC /* Debug */,
				64D2C9C12DE572F9007348FC /* Release */,
			);
			defaultConfigurationIsVisible = 0;
			defaultConfigurationName = Release;
		};
		64D2C9C22DE572F9007348FC /* Build configuration list for PBXNativeTarget "BluetoothActivityUITests" */ = {
			isa = XCConfigurationList;
			buildConfigurations = (
				64D2C9C32DE572F9007348FC /* Debug */,
				64D2C9C42DE572F9007348FC /* Release */,
			);
			defaultConfigurationIsVisible = 0;
			defaultConfigurationName = Release;
		};
/* End XCConfigurationList section */
	};
	rootObject = 64D2C9912DE572F8007348FC /* Project object */;
}
